
Microsoft Visual Studio Solution File, Format Version 12.00
# Visual Studio 14
VisualStudioVersion = 14.0.25420.1
MinimumVisualStudioVersion = 10.0.40219.1
Project("{8BC9CEB8-8B4A-11D0-8D11-00A0C91BC942}") = "foobar2000_ATL_helpers", "foobar2000\ATLHelpers\foobar2000_ATL_helpers.vcxproj", "{622E8B19-8109-4717-BD4D-9657AA78363E}"
EndProject
Project("{8BC9CEB8-8B4A-11D0-8D11-00A0C91BC942}") = "foobar2000_component_client", "foobar2000\foobar2000_component_client\foobar2000_component_client.vcxproj", "{71AD2674-065B-48F5-B8B0-E1F9D3892081}"
EndProject
Project("{8BC9CEB8-8B4A-11D0-8D11-00A0C91BC942}") = "foobar2000_sdk_helpers", "foobar2000\helpers\foobar2000_sdk_helpers.vcxproj", "{EE47764E-A202-4F85-A767-ABDAB4AFF35F}"
EndProject
Project("{8BC9CEB8-8B4A-11D0-8D11-00A0C91BC942}") = "foobar2000_SDK", "foobar2000\SDK\foobar2000_SDK.vcxproj", "{E8091321-D79D-4575-86EF-064EA1A4A20D}"
EndProject
Project("{8BC9CEB8-8B4A-11D0-8D11-00A0C91BC942}") = "pfc", "pfc\pfc.vcxproj", "{EBFFFB4E-261D-44D3-B89C-957B31A0BF9C}"
EndProject
Project("{8BC9CEB8-8B4A-11D0-8D11-00A0C91BC942}") = "foo_moo", "foo_moo\foo_moo.vcxproj", "{52FA3165-578C-4C75-9E07-63E7F6290FB6}"
	ProjectSection(ProjectDependencies) = postProject
		{622E8B19-8109-4717-BD4D-9657AA78363E} = {622E8B19-8109-4717-BD4D-9657AA78363E}
		{E8091321-D79D-4575-86EF-064EA1A4A20D} = {E8091321-D79D-4575-86EF-064EA1A4A20D}
		{EE47764E-A202-4F85-A767-ABDAB4AFF35F} = {EE47764E-A202-4F85-A767-ABDAB4AFF35F}
		{EBFFFB4E-261D-44D3-B89C-957B31A0BF9C} = {EBFFFB4E-261D-44D3-B89C-957B31A0BF9C}
		{71AD2674-065B-48F5-B8B0-E1F9D3892081} = {71AD2674-065B-48F5-B8B0-E1F9D3892081}
	EndProjectSection
EndProject
Project("{8BC9CEB8-8B4A-11D0-8D11-00A0C91BC942}") = "mongoose", "mongoose-6.8\mongoose.vcxproj", "{4357AA29-3314-403F-A9E1-31CDBEC8077F}"
EndProject
Project("{8BC9CEB8-8B4A-11D0-8D11-00A0C91BC942}") = "sqlite", "sqlite-amalgamation-3190300\sqlite.vcxproj", "{F3F16F9A-DA09-46CE-8BCD-1ABD47D6AF4D}"
EndProject
Project("{8BC9CEB8-8B4A-11D0-8D11-00A0C91BC942}") = "json", "json-2.1.1\json.vcxproj", "{1AC52C3B-CD86-4AC1-A45A-ADE50A71462B}"
EndProject
Project("{8BC9CEB8-8B4A-11D0-8D11-00A0C91BC942}") = "libmp3lame-static", "lame-3.99.5\vc_solution\vc9_libmp3lame.vcxproj", "{20536101-3B0E-43EF-94F9-080D595DAC57}"
EndProject
Project("{8BC9CEB8-8B4A-11D0-8D11-00A0C91BC942}") = "libmpghip-static", "lame-3.99.5\vc_solution\vc9_mpglib.vcxproj", "{E2DAB91A-8248-4625-8A85-2C2C2A390DD8}"
EndProject
Global
	GlobalSection(SolutionConfigurationPlatforms) = preSolution
		Debug|x64 = Debug|x64
		Debug|x86 = Debug|x86
		Release|x64 = Release|x64
		Release|x86 = Release|x86
		ReleaseNASM|x64 = ReleaseNASM|x64
		ReleaseNASM|x86 = ReleaseNASM|x86
		ReleaseSSE2|x64 = ReleaseSSE2|x64
		ReleaseSSE2|x86 = ReleaseSSE2|x86
	EndGlobalSection
	GlobalSection(ProjectConfigurationPlatforms) = postSolution
		{622E8B19-8109-4717-BD4D-9657AA78363E}.Debug|x64.ActiveCfg = Debug|x64
		{622E8B19-8109-4717-BD4D-9657AA78363E}.Debug|x64.Build.0 = Debug|x64
		{622E8B19-8109-4717-BD4D-9657AA78363E}.Debug|x86.ActiveCfg = Debug|Win32
		{622E8B19-8109-4717-BD4D-9657AA78363E}.Debug|x86.Build.0 = Debug|Win32
		{622E8B19-8109-4717-BD4D-9657AA78363E}.Release|x64.ActiveCfg = Release|x64
		{622E8B19-8109-4717-BD4D-9657AA78363E}.Release|x64.Build.0 = Release|x64
		{622E8B19-8109-4717-BD4D-9657AA78363E}.Release|x86.ActiveCfg = Release|Win32
		{622E8B19-8109-4717-BD4D-9657AA78363E}.Release|x86.Build.0 = Release|Win32
		{622E8B19-8109-4717-BD4D-9657AA78363E}.ReleaseNASM|x64.ActiveCfg = Release|x64
		{622E8B19-8109-4717-BD4D-9657AA78363E}.ReleaseNASM|x64.Build.0 = Release|x64
		{622E8B19-8109-4717-BD4D-9657AA78363E}.ReleaseNASM|x86.ActiveCfg = Release|Win32
		{622E8B19-8109-4717-BD4D-9657AA78363E}.ReleaseNASM|x86.Build.0 = Release|Win32
		{622E8B19-8109-4717-BD4D-9657AA78363E}.ReleaseSSE2|x64.ActiveCfg = Release|x64
		{622E8B19-8109-4717-BD4D-9657AA78363E}.ReleaseSSE2|x64.Build.0 = Release|x64
		{622E8B19-8109-4717-BD4D-9657AA78363E}.ReleaseSSE2|x86.ActiveCfg = Release|Win32
		{622E8B19-8109-4717-BD4D-9657AA78363E}.ReleaseSSE2|x86.Build.0 = Release|Win32
		{71AD2674-065B-48F5-B8B0-E1F9D3892081}.Debug|x64.ActiveCfg = Debug|x64
		{71AD2674-065B-48F5-B8B0-E1F9D3892081}.Debug|x64.Build.0 = Debug|x64
		{71AD2674-065B-48F5-B8B0-E1F9D3892081}.Debug|x86.ActiveCfg = Debug|Win32
		{71AD2674-065B-48F5-B8B0-E1F9D3892081}.Debug|x86.Build.0 = Debug|Win32
		{71AD2674-065B-48F5-B8B0-E1F9D3892081}.Release|x64.ActiveCfg = Release|x64
		{71AD2674-065B-48F5-B8B0-E1F9D3892081}.Release|x64.Build.0 = Release|x64
		{71AD2674-065B-48F5-B8B0-E1F9D3892081}.Release|x86.ActiveCfg = Release|Win32
		{71AD2674-065B-48F5-B8B0-E1F9D3892081}.Release|x86.Build.0 = Release|Win32
		{71AD2674-065B-48F5-B8B0-E1F9D3892081}.ReleaseNASM|x64.ActiveCfg = Release|x64
		{71AD2674-065B-48F5-B8B0-E1F9D3892081}.ReleaseNASM|x64.Build.0 = Release|x64
		{71AD2674-065B-48F5-B8B0-E1F9D3892081}.ReleaseNASM|x86.ActiveCfg = Release|Win32
		{71AD2674-065B-48F5-B8B0-E1F9D3892081}.ReleaseNASM|x86.Build.0 = Release|Win32
		{71AD2674-065B-48F5-B8B0-E1F9D3892081}.ReleaseSSE2|x64.ActiveCfg = Release|x64
		{71AD2674-065B-48F5-B8B0-E1F9D3892081}.ReleaseSSE2|x64.Build.0 = Release|x64
		{71AD2674-065B-48F5-B8B0-E1F9D3892081}.ReleaseSSE2|x86.ActiveCfg = Release|Win32
		{71AD2674-065B-48F5-B8B0-E1F9D3892081}.ReleaseSSE2|x86.Build.0 = Release|Win32
		{EE47764E-A202-4F85-A767-ABDAB4AFF35F}.Debug|x64.ActiveCfg = Debug|x64
		{EE47764E-A202-4F85-A767-ABDAB4AFF35F}.Debug|x64.Build.0 = Debug|x64
		{EE47764E-A202-4F85-A767-ABDAB4AFF35F}.Debug|x86.ActiveCfg = Debug|Win32
		{EE47764E-A202-4F85-A767-ABDAB4AFF35F}.Debug|x86.Build.0 = Debug|Win32
		{EE47764E-A202-4F85-A767-ABDAB4AFF35F}.Release|x64.ActiveCfg = Release|x64
		{EE47764E-A202-4F85-A767-ABDAB4AFF35F}.Release|x64.Build.0 = Release|x64
		{EE47764E-A202-4F85-A767-ABDAB4AFF35F}.Release|x86.ActiveCfg = Release|Win32
		{EE47764E-A202-4F85-A767-ABDAB4AFF35F}.Release|x86.Build.0 = Release|Win32
		{EE47764E-A202-4F85-A767-ABDAB4AFF35F}.ReleaseNASM|x64.ActiveCfg = Release|x64
		{EE47764E-A202-4F85-A767-ABDAB4AFF35F}.ReleaseNASM|x64.Build.0 = Release|x64
		{EE47764E-A202-4F85-A767-ABDAB4AFF35F}.ReleaseNASM|x86.ActiveCfg = Release|Win32
		{EE47764E-A202-4F85-A767-ABDAB4AFF35F}.ReleaseNASM|x86.Build.0 = Release|Win32
		{EE47764E-A202-4F85-A767-ABDAB4AFF35F}.ReleaseSSE2|x64.ActiveCfg = Release|x64
		{EE47764E-A202-4F85-A767-ABDAB4AFF35F}.ReleaseSSE2|x64.Build.0 = Release|x64
		{EE47764E-A202-4F85-A767-ABDAB4AFF35F}.ReleaseSSE2|x86.ActiveCfg = Release|Win32
		{EE47764E-A202-4F85-A767-ABDAB4AFF35F}.ReleaseSSE2|x86.Build.0 = Release|Win32
		{E8091321-D79D-4575-86EF-064EA1A4A20D}.Debug|x64.ActiveCfg = Debug|x64
		{E8091321-D79D-4575-86EF-064EA1A4A20D}.Debug|x64.Build.0 = Debug|x64
		{E8091321-D79D-4575-86EF-064EA1A4A20D}.Debug|x86.ActiveCfg = Debug|Win32
		{E8091321-D79D-4575-86EF-064EA1A4A20D}.Debug|x86.Build.0 = Debug|Win32
		{E8091321-D79D-4575-86EF-064EA1A4A20D}.Release|x64.ActiveCfg = Release|x64
		{E8091321-D79D-4575-86EF-064EA1A4A20D}.Release|x64.Build.0 = Release|x64
		{E8091321-D79D-4575-86EF-064EA1A4A20D}.Release|x86.ActiveCfg = Release|Win32
		{E8091321-D79D-4575-86EF-064EA1A4A20D}.Release|x86.Build.0 = Release|Win32
		{E8091321-D79D-4575-86EF-064EA1A4A20D}.ReleaseNASM|x64.ActiveCfg = Release|x64
		{E8091321-D79D-4575-86EF-064EA1A4A20D}.ReleaseNASM|x64.Build.0 = Release|x64
		{E8091321-D79D-4575-86EF-064EA1A4A20D}.ReleaseNASM|x86.ActiveCfg = Release|Win32
		{E8091321-D79D-4575-86EF-064EA1A4A20D}.ReleaseNASM|x86.Build.0 = Release|Win32
		{E8091321-D79D-4575-86EF-064EA1A4A20D}.ReleaseSSE2|x64.ActiveCfg = Release|x64
		{E8091321-D79D-4575-86EF-064EA1A4A20D}.ReleaseSSE2|x64.Build.0 = Release|x64
		{E8091321-D79D-4575-86EF-064EA1A4A20D}.ReleaseSSE2|x86.ActiveCfg = Release|Win32
		{E8091321-D79D-4575-86EF-064EA1A4A20D}.ReleaseSSE2|x86.Build.0 = Release|Win32
		{EBFFFB4E-261D-44D3-B89C-957B31A0BF9C}.Debug|x64.ActiveCfg = Debug|x64
		{EBFFFB4E-261D-44D3-B89C-957B31A0BF9C}.Debug|x64.Build.0 = Debug|x64
		{EBFFFB4E-261D-44D3-B89C-957B31A0BF9C}.Debug|x86.ActiveCfg = Debug|Win32
		{EBFFFB4E-261D-44D3-B89C-957B31A0BF9C}.Debug|x86.Build.0 = Debug|Win32
		{EBFFFB4E-261D-44D3-B89C-957B31A0BF9C}.Release|x64.ActiveCfg = Release|x64
		{EBFFFB4E-261D-44D3-B89C-957B31A0BF9C}.Release|x64.Build.0 = Release|x64
		{EBFFFB4E-261D-44D3-B89C-957B31A0BF9C}.Release|x86.ActiveCfg = Release|Win32
		{EBFFFB4E-261D-44D3-B89C-957B31A0BF9C}.Release|x86.Build.0 = Release|Win32
		{EBFFFB4E-261D-44D3-B89C-957B31A0BF9C}.ReleaseNASM|x64.ActiveCfg = Release|x64
		{EBFFFB4E-261D-44D3-B89C-957B31A0BF9C}.ReleaseNASM|x64.Build.0 = Release|x64
		{EBFFFB4E-261D-44D3-B89C-957B31A0BF9C}.ReleaseNASM|x86.ActiveCfg = Release|Win32
		{EBFFFB4E-261D-44D3-B89C-957B31A0BF9C}.ReleaseNASM|x86.Build.0 = Release|Win32
		{EBFFFB4E-261D-44D3-B89C-957B31A0BF9C}.ReleaseSSE2|x64.ActiveCfg = Release|x64
		{EBFFFB4E-261D-44D3-B89C-957B31A0BF9C}.ReleaseSSE2|x64.Build.0 = Release|x64
		{EBFFFB4E-261D-44D3-B89C-957B31A0BF9C}.ReleaseSSE2|x86.ActiveCfg = Release|Win32
		{EBFFFB4E-261D-44D3-B89C-957B31A0BF9C}.ReleaseSSE2|x86.Build.0 = Release|Win32
		{52FA3165-578C-4C75-9E07-63E7F6290FB6}.Debug|x64.ActiveCfg = Debug|x64
		{52FA3165-578C-4C75-9E07-63E7F6290FB6}.Debug|x64.Build.0 = Debug|x64
		{52FA3165-578C-4C75-9E07-63E7F6290FB6}.Debug|x86.ActiveCfg = Debug|Win32
		{52FA3165-578C-4C75-9E07-63E7F6290FB6}.Debug|x86.Build.0 = Debug|Win32
		{52FA3165-578C-4C75-9E07-63E7F6290FB6}.Release|x64.ActiveCfg = Release|x64
		{52FA3165-578C-4C75-9E07-63E7F6290FB6}.Release|x64.Build.0 = Release|x64
		{52FA3165-578C-4C75-9E07-63E7F6290FB6}.Release|x86.ActiveCfg = Release|Win32
		{52FA3165-578C-4C75-9E07-63E7F6290FB6}.Release|x86.Build.0 = Release|Win32
		{52FA3165-578C-4C75-9E07-63E7F6290FB6}.ReleaseNASM|x64.ActiveCfg = Release|x64
		{52FA3165-578C-4C75-9E07-63E7F6290FB6}.ReleaseNASM|x64.Build.0 = Release|x64
		{52FA3165-578C-4C75-9E07-63E7F6290FB6}.ReleaseNASM|x86.ActiveCfg = Release|Win32
		{52FA3165-578C-4C75-9E07-63E7F6290FB6}.ReleaseNASM|x86.Build.0 = Release|Win32
		{52FA3165-578C-4C75-9E07-63E7F6290FB6}.ReleaseSSE2|x64.ActiveCfg = Release|x64
		{52FA3165-578C-4C75-9E07-63E7F6290FB6}.ReleaseSSE2|x64.Build.0 = Release|x64
		{52FA3165-578C-4C75-9E07-63E7F6290FB6}.ReleaseSSE2|x86.ActiveCfg = Release|Win32
		{52FA3165-578C-4C75-9E07-63E7F6290FB6}.ReleaseSSE2|x86.Build.0 = Release|Win32
		{4357AA29-3314-403F-A9E1-31CDBEC8077F}.Debug|x64.ActiveCfg = Debug|x64
		{4357AA29-3314-403F-A9E1-31CDBEC8077F}.Debug|x64.Build.0 = Debug|x64
		{4357AA29-3314-403F-A9E1-31CDBEC8077F}.Debug|x86.ActiveCfg = Debug|Win32
		{4357AA29-3314-403F-A9E1-31CDBEC8077F}.Debug|x86.Build.0 = Debug|Win32
		{4357AA29-3314-403F-A9E1-31CDBEC8077F}.Release|x64.ActiveCfg = Release|x64
		{4357AA29-3314-403F-A9E1-31CDBEC8077F}.Release|x64.Build.0 = Release|x64
		{4357AA29-3314-403F-A9E1-31CDBEC8077F}.Release|x86.ActiveCfg = Release|Win32
		{4357AA29-3314-403F-A9E1-31CDBEC8077F}.Release|x86.Build.0 = Release|Win32
		{4357AA29-3314-403F-A9E1-31CDBEC8077F}.ReleaseNASM|x64.ActiveCfg = Release|x64
		{4357AA29-3314-403F-A9E1-31CDBEC8077F}.ReleaseNASM|x64.Build.0 = Release|x64
		{4357AA29-3314-403F-A9E1-31CDBEC8077F}.ReleaseNASM|x86.ActiveCfg = Release|Win32
		{4357AA29-3314-403F-A9E1-31CDBEC8077F}.ReleaseNASM|x86.Build.0 = Release|Win32
		{4357AA29-3314-403F-A9E1-31CDBEC8077F}.ReleaseSSE2|x64.ActiveCfg = Release|x64
		{4357AA29-3314-403F-A9E1-31CDBEC8077F}.ReleaseSSE2|x64.Build.0 = Release|x64
		{4357AA29-3314-403F-A9E1-31CDBEC8077F}.ReleaseSSE2|x86.ActiveCfg = Release|Win32
		{4357AA29-3314-403F-A9E1-31CDBEC8077F}.ReleaseSSE2|x86.Build.0 = Release|Win32
		{F3F16F9A-DA09-46CE-8BCD-1ABD47D6AF4D}.Debug|x64.ActiveCfg = Debug|x64
		{F3F16F9A-DA09-46CE-8BCD-1ABD47D6AF4D}.Debug|x64.Build.0 = Debug|x64
		{F3F16F9A-DA09-46CE-8BCD-1ABD47D6AF4D}.Debug|x86.ActiveCfg = Debug|Win32
		{F3F16F9A-DA09-46CE-8BCD-1ABD47D6AF4D}.Debug|x86.Build.0 = Debug|Win32
		{F3F16F9A-DA09-46CE-8BCD-1ABD47D6AF4D}.Release|x64.ActiveCfg = Release|x64
		{F3F16F9A-DA09-46CE-8BCD-1ABD47D6AF4D}.Release|x64.Build.0 = Release|x64
		{F3F16F9A-DA09-46CE-8BCD-1ABD47D6AF4D}.Release|x86.ActiveCfg = Release|Win32
		{F3F16F9A-DA09-46CE-8BCD-1ABD47D6AF4D}.Release|x86.Build.0 = Release|Win32
		{F3F16F9A-DA09-46CE-8BCD-1ABD47D6AF4D}.ReleaseNASM|x64.ActiveCfg = Release|x64
		{F3F16F9A-DA09-46CE-8BCD-1ABD47D6AF4D}.ReleaseNASM|x64.Build.0 = Release|x64
		{F3F16F9A-DA09-46CE-8BCD-1ABD47D6AF4D}.ReleaseNASM|x86.ActiveCfg = Release|Win32
		{F3F16F9A-DA09-46CE-8BCD-1ABD47D6AF4D}.ReleaseNASM|x86.Build.0 = Release|Win32
		{F3F16F9A-DA09-46CE-8BCD-1ABD47D6AF4D}.ReleaseSSE2|x64.ActiveCfg = Release|x64
		{F3F16F9A-DA09-46CE-8BCD-1ABD47D6AF4D}.ReleaseSSE2|x64.Build.0 = Release|x64
		{F3F16F9A-DA09-46CE-8BCD-1ABD47D6AF4D}.ReleaseSSE2|x86.ActiveCfg = Release|Win32
		{F3F16F9A-DA09-46CE-8BCD-1ABD47D6AF4D}.ReleaseSSE2|x86.Build.0 = Release|Win32
		{1AC52C3B-CD86-4AC1-A45A-ADE50A71462B}.Debug|x64.ActiveCfg = Debug|x64
		{1AC52C3B-CD86-4AC1-A45A-ADE50A71462B}.Debug|x64.Build.0 = Debug|x64
		{1AC52C3B-CD86-4AC1-A45A-ADE50A71462B}.Debug|x86.ActiveCfg = Debug|Win32
		{1AC52C3B-CD86-4AC1-A45A-ADE50A71462B}.Debug|x86.Build.0 = Debug|Win32
		{1AC52C3B-CD86-4AC1-A45A-ADE50A71462B}.Release|x64.ActiveCfg = Release|x64
		{1AC52C3B-CD86-4AC1-A45A-ADE50A71462B}.Release|x64.Build.0 = Release|x64
		{1AC52C3B-CD86-4AC1-A45A-ADE50A71462B}.Release|x86.ActiveCfg = Release|Win32
		{1AC52C3B-CD86-4AC1-A45A-ADE50A71462B}.Release|x86.Build.0 = Release|Win32
		{1AC52C3B-CD86-4AC1-A45A-ADE50A71462B}.ReleaseNASM|x64.ActiveCfg = Release|x64
		{1AC52C3B-CD86-4AC1-A45A-ADE50A71462B}.ReleaseNASM|x64.Build.0 = Release|x64
		{1AC52C3B-CD86-4AC1-A45A-ADE50A71462B}.ReleaseNASM|x86.ActiveCfg = Release|Win32
		{1AC52C3B-CD86-4AC1-A45A-ADE50A71462B}.ReleaseNASM|x86.Build.0 = Release|Win32
		{1AC52C3B-CD86-4AC1-A45A-ADE50A71462B}.ReleaseSSE2|x64.ActiveCfg = Release|x64
		{1AC52C3B-CD86-4AC1-A45A-ADE50A71462B}.ReleaseSSE2|x64.Build.0 = Release|x64
		{1AC52C3B-CD86-4AC1-A45A-ADE50A71462B}.ReleaseSSE2|x86.ActiveCfg = Release|Win32
		{1AC52C3B-CD86-4AC1-A45A-ADE50A71462B}.ReleaseSSE2|x86.Build.0 = Release|Win32
		{20536101-3B0E-43EF-94F9-080D595DAC57}.Debug|x64.ActiveCfg = Debug|Win32
		{20536101-3B0E-43EF-94F9-080D595DAC57}.Debug|x86.ActiveCfg = Debug|Win32
		{20536101-3B0E-43EF-94F9-080D595DAC57}.Debug|x86.Build.0 = Debug|Win32
		{20536101-3B0E-43EF-94F9-080D595DAC57}.Release|x64.ActiveCfg = Release|Win32
		{20536101-3B0E-43EF-94F9-080D595DAC57}.Release|x86.ActiveCfg = Release|Win32
		{20536101-3B0E-43EF-94F9-080D595DAC57}.Release|x86.Build.0 = Release|Win32
		{20536101-3B0E-43EF-94F9-080D595DAC57}.ReleaseNASM|x64.ActiveCfg = ReleaseNASM|Win32
		{20536101-3B0E-43EF-94F9-080D595DAC57}.ReleaseNASM|x86.ActiveCfg = ReleaseNASM|Win32
		{20536101-3B0E-43EF-94F9-080D595DAC57}.ReleaseNASM|x86.Build.0 = ReleaseNASM|Win32
		{20536101-3B0E-43EF-94F9-080D595DAC57}.ReleaseSSE2|x64.ActiveCfg = ReleaseSSE2|Win32
		{20536101-3B0E-43EF-94F9-080D595DAC57}.ReleaseSSE2|x86.ActiveCfg = ReleaseSSE2|Win32
		{20536101-3B0E-43EF-94F9-080D595DAC57}.ReleaseSSE2|x86.Build.0 = ReleaseSSE2|Win32
		{E2DAB91A-8248-4625-8A85-2C2C2A390DD8}.Debug|x64.ActiveCfg = Debug|Win32
		{E2DAB91A-8248-4625-8A85-2C2C2A390DD8}.Debug|x86.ActiveCfg = Debug|Win32
		{E2DAB91A-8248-4625-8A85-2C2C2A390DD8}.Debug|x86.Build.0 = Debug|Win32
		{E2DAB91A-8248-4625-8A85-2C2C2A390DD8}.Release|x64.ActiveCfg = Release|Win32
		{E2DAB91A-8248-4625-8A85-2C2C2A390DD8}.Release|x86.ActiveCfg = Release|Win32
		{E2DAB91A-8248-4625-8A85-2C2C2A390DD8}.Release|x86.Build.0 = Release|Win32
		{E2DAB91A-8248-4625-8A85-2C2C2A390DD8}.ReleaseNASM|x64.ActiveCfg = ReleaseNASM|Win32
		{E2DAB91A-8248-4625-8A85-2C2C2A390DD8}.ReleaseNASM|x86.ActiveCfg = ReleaseNASM|Win32
		{E2DAB91A-8248-4625-8A85-2C2C2A390DD8}.ReleaseNASM|x86.Build.0 = ReleaseNASM|Win32
		{E2DAB91A-8248-4625-8A85-2C2C2A390DD8}.ReleaseSSE2|x64.ActiveCfg = ReleaseSSE2|Win32
		{E2DAB91A-8248-4625-8A85-2C2C2A390DD8}.ReleaseSSE2|x86.ActiveCfg = ReleaseSSE2|Win32
		{E2DAB91A-8248-4625-8A85-2C2C2A390DD8}.ReleaseSSE2|x86.Build.0 = ReleaseSSE2|Win32
	EndGlobalSection
	GlobalSection(SolutionProperties) = preSolution
		HideSolutionNode = FALSE
	EndGlobalSection
EndGlobal
